
Microsoft Visual Studio Solution File, Format Version 12.00
# Visual Studio Version 17
VisualStudioVersion = 17.4.33110.190
MinimumVisualStudioVersion = 10.0.40219.1
Project("{FAE04EC0-301F-11D3-BF4B-00C04F79EFBC}") = "Trekking", "Trekking\Trekking.csproj", "{2F4584B9-9D3B-4F98-A7B2-0018D6667995}"
EndProject
Global
	GlobalSection(SolutionConfigurationPlatforms) = preSolution
		Debug|Any CPU = Debug|Any CPU
		Release|Any CPU = Release|Any CPU
	EndGlobalSection
	GlobalSection(ProjectConfigurationPlatforms) = postSolution
		{2F4584B9-9D3B-4F98-A7B2-0018D6667995}.Debug|Any CPU.ActiveCfg = Debug|Any CPU
		{2F4584B9-9D3B-4F98-A7B2-0018D6667995}.Debug|Any CPU.Build.0 = Debug|Any CPU
		{2F4584B9-9D3B-4F98-A7B2-0018D6667995}.Release|Any CPU.ActiveCfg = Release|Any CPU
		{2F4584B9-9D3B-4F98-A7B2-0018D6667995}.Release|Any CPU.Build.0 = Release|Any CPU
	EndGlobalSection
	GlobalSection(SolutionProperties) = preSolution
		HideSolutionNode = FALSE
	EndGlobalSection
	GlobalSection(ExtensibilityGlobals) = postSolution
		SolutionGuid = {D8CF4A7A-D997-420E-94E0-3560C868CBA3}
	EndGlobalSection
EndGlobal
